PODS:
  - BTNavigationDropdownMenu (0.5)
  - DisplaySwitcher (1.0.1)
  - DynamicBlurView (3.0.1)
  - Firebase/Auth (6.3.0):
    - Firebase/CoreOnly
    - FirebaseAuth (~> 6.1.2)
  - Firebase/Core (6.3.0):
    - Firebase/CoreOnly
    - FirebaseAnalytics (= 6.0.2)
  - Firebase/CoreOnly (6.3.0):
    - FirebaseCore (= 6.0.3)
  - Firebase/Database (6.3.0):
    - Firebase/CoreOnly
    - FirebaseDatabase (~> 6.0.0)
  - Firebase/Storage (6.3.0):
    - Firebase/CoreOnly
    - FirebaseStorage (~> 3.2.1)
  - FirebaseAnalytics (6.0.2):
    - FirebaseCore (~> 6.0)
    - FirebaseInstanceID (~> 4.2)
    - GoogleAppMeasurement (= 6.0.2)
    - GoogleUtilities/AppDelegateSwizzler (~> 6.0)
    - GoogleUtilities/MethodSwizzler (~> 6.0)
    - GoogleUtilities/Network (~> 6.0)
    - "GoogleUtilities/NSData+zlib (~> 6.0)"
    - nanopb (~> 0.3)
  - FirebaseAuth (6.1.2):
    - FirebaseAuthInterop (~> 1.0)
    - FirebaseCore (~> 6.0)
    - GoogleUtilities/AppDelegateSwizzler (~> 6.2)
    - GoogleUtilities/Environment (~> 6.2)
    - GTMSessionFetcher/Core (~> 1.1)
  - FirebaseAuthInterop (1.0.0)
  - FirebaseCore (6.0.3):
    - GoogleUtilities/Environment (~> 6.0)
    - GoogleUtilities/Logger (~> 6.0)
  - FirebaseDatabase (6.0.0):
    - FirebaseAuthInterop (~> 1.0)
    - FirebaseCore (~> 6.0)
    - leveldb-library (~> 1.18)
  - FirebaseInstanceID (4.2.0):
    - FirebaseCore (~> 6.0)
    - GoogleUtilities/Environment (~> 6.0)
    - GoogleUtilities/UserDefaults (~> 6.0)
  - FirebaseStorage (3.2.1):
    - FirebaseAuthInterop (~> 1.0)
    - FirebaseCore (~> 6.0)
    - GTMSessionFetcher/Core (~> 1.1)
  - GMStepper (2.2)
  - GoogleAppMeasurement (6.0.2):
    - GoogleUtilities/AppDelegateSwizzler (~> 6.0)
    - GoogleUtilities/MethodSwizzler (~> 6.0)
    - GoogleUtilities/Network (~> 6.0)
    - "GoogleUtilities/NSData+zlib (~> 6.0)"
    - nanopb (~> 0.3)
  - GoogleUtilities/AppDelegateSwizzler (6.2.1):
    - GoogleUtilities/Environment
    - GoogleUtilities/Logger
    - GoogleUtilities/Network
  - GoogleUtilities/Environment (6.2.1)
  - GoogleUtilities/Logger (6.2.1):
    - GoogleUtilities/Environment
  - GoogleUtilities/MethodSwizzler (6.2.1):
    - GoogleUtilities/Logger
  - GoogleUtilities/Network (6.2.1):
    - GoogleUtilities/Logger
    - "GoogleUtilities/NSData+zlib"
    - GoogleUtilities/Reachability
  - "GoogleUtilities/NSData+zlib (6.2.1)"
  - GoogleUtilities/Reachability (6.2.1):
    - GoogleUtilities/Logger
  - GoogleUtilities/UserDefaults (6.2.1):
    - GoogleUtilities/Logger
  - GTMSessionFetcher/Core (1.2.2)
  - GuillotineMenu (4.0)
  - IQKeyboardManagerSwift (6.4.0)
  - JAnalytics (2.0.0):
    - JCore (< 3.0.0, >= 1.2.0)
  - JCore (2.1.1)
  - JPush (3.2.1):
    - JCore (< 3.0.0, >= 2.0.0)
  - leveldb-library (1.20)
  - LGButton (1.1.6)
  - LTMorphingLabel (0.7.0)
  - nanopb (0.3.901):
    - nanopb/decode (= 0.3.901)
    - nanopb/encode (= 0.3.901)
  - nanopb/decode (0.3.901)
  - nanopb/encode (0.3.901)
  - NVActivityIndicatorView (4.7.0):
    - NVActivityIndicatorView/Presenter (= 4.7.0)
  - NVActivityIndicatorView/Presenter (4.7.0)
  - PopupDialog (1.1.0):
    - DynamicBlurView (~> 3.0.1)
  - PryntTrimmerView (3.0.0)
  - SkyFloatingLabelTextField (3.7.0)
  - SnapKit (5.0.0)
  - SteviaLayout (4.4.4)
  - SwipeCellKit (2.6.0)
  - YPImagePicker (4.0.0):
    - PryntTrimmerView (~> 3.0.0)
    - SteviaLayout (~> 4.4.1)

DEPENDENCIES:
  - BTNavigationDropdownMenu
  - DisplaySwitcher
  - Firebase/Auth
  - Firebase/Core
  - Firebase/Database
  - Firebase/Storage
  - GMStepper
  - GuillotineMenu
  - IQKeyboardManagerSwift
  - JAnalytics
  - JPush
  - LGButton
  - LTMorphingLabel
  - NVActivityIndicatorView
  - PopupDialog
  - SkyFloatingLabelTextField
  - SnapKit
  - SwipeCellKit
  - YPImagePicker

SPEC REPOS:
  https://github.com/cocoapods/specs.git:
    - BTNavigationDropdownMenu
    - DisplaySwitcher
    - DynamicBlurView
    - Firebase
    - FirebaseAnalytics
    - FirebaseAuth
    - FirebaseAuthInterop
    - FirebaseCore
    - FirebaseDatabase
    - FirebaseInstanceID
    - FirebaseStorage
    - GMStepper
    - GoogleAppMeasurement
    - GoogleUtilities
    - GTMSessionFetcher
    - GuillotineMenu
    - IQKeyboardManagerSwift
    - JAnalytics
    - JCore
    - JPush
    - leveldb-library
    - LGButton
    - LTMorphingLabel
    - nanopb
    - NVActivityIndicatorView
    - PopupDialog
    - PryntTrimmerView
    - SkyFloatingLabelTextField
    - SnapKit
    - SteviaLayout
    - SwipeCellKit
    - YPImagePicker

SPEC CHECKSUMS:
  BTNavigationDropdownMenu: ba3a26fdb6a56c4721c31df8a0875106c259663a
  DisplaySwitcher: 5f725284c28cdf22ea7ba2eee8e8f7e7cb9cdf87
  DynamicBlurView: b1df5415f9bd31897549e5d7077e5ec120a4d636
  Firebase: 8432d732974498afd5987e9001a05f90f1a3d625
  FirebaseAnalytics: 470ddab7253b21ad5a40bebd4a9903d7ae19386a
  FirebaseAuth: 7fa2cc010b93770831a4e7a60651b52c3b8d111a
  FirebaseAuthInterop: 0ffa57668be100582bb7643d4fcb7615496c41fc
  FirebaseCore: 68f8a7f50cdae542715d4e86afa37c4067217dcb
  FirebaseDatabase: f48e067716864be2b855cf716b927ef375d6cfa0
  FirebaseInstanceID: f20243a1d828e0e9a3798b995174dedc16f1b32a
  FirebaseStorage: 926d41552072b9fee67aa645760f05f87b7ce604
  GMStepper: 89fb106944dfcc3aa3add7164e3ebd463ea2104b
  GoogleAppMeasurement: a35a645835bae31b6bdc0576396bc23908f12a22
  GoogleUtilities: c7a0b08bda3bf808be823ed151f0e28ac6866e71
  GTMSessionFetcher: 61bb0f61a4cb560030f1222021178008a5727a23
  GuillotineMenu: 1345cc8c76e09c46b4096f37cf0cacfaee19e211
  IQKeyboardManagerSwift: ed9b04ee0e3067ffba543283462d619f944b05e5
  JAnalytics: ec34148f72109c75acefc0606f6bc6f20040dffc
  JCore: 4072327557f0b83cc22dd4041f2f839740c0077b
  JPush: a1ff8b8ec53fa3419b414946e4db4efa313baeae
  leveldb-library: 08cba283675b7ed2d99629a4bc5fd052cd2bb6a5
  LGButton: 9f0a7f9d3030e3f504108342f6b66d64a429371b
  LTMorphingLabel: 22147fb1ec2b0306537ccc348b36ea8617179b03
  nanopb: 2901f78ea1b7b4015c860c2fdd1ea2fee1a18d48
  NVActivityIndicatorView: b19ddab2576f805cbe0fb2306cba3476e09a1dea
  PopupDialog: 42fb7a0bc4fafdf89fef8b5b2b127a6023f3e1cc
  PryntTrimmerView: 53ac64053c7ce63cb3e27f54090f52da0734891d
  SkyFloatingLabelTextField: 4b46db0ab1ccde0919cded29c656e6b4805eda04
  SnapKit: fd22d10eb9aff484d79a8724eab922c1ddf89bcf
  SteviaLayout: 523469269059f2c6da02820bb2ff28a5fe0780aa
  SwipeCellKit: 935ca28c187ec6e1ffb2b578cf8ddca842bfdcbb
  YPImagePicker: 8039f89ad79281545fa868486f32d9bf5d65ede1

PODFILE CHECKSUM: 2cc4b9d3dba8c320f406800117d57ea3052dbec3

COCOAPODS: 1.5.3
